
Microsoft Visual Studio Solution File, Format Version 12.00
# Visual Studio Version 17
VisualStudioVersion = 17.0.31903.59
MinimumVisualStudioVersion = 10.0.40219.1
Project("{9A19103F-16F7-4668-BE54-9A1E7A4F7556}") = "Domain", "src\Domain\Domain.csproj", "{1CDEA8E3-55FB-4E00-BD9D-AF4E29F82B61}"
EndProject
Project("{9A19103F-16F7-4668-BE54-9A1E7A4F7556}") = "Application", "src\Application\Application.csproj", "{AD228D65-A2E1-4DE9-BFED-800FAD7691FD}"
EndProject
Project("{2150E333-8FDC-42A3-9474-1A3956D46DE8}") = "Service", "Service", "{1F2CC064-FF62-4052-B834-31EF506C62F8}"
EndProject
Project("{FAE04EC0-301F-11D3-BF4B-00C04F79EFBC}") = "NewsAnalyzer", "src\Service\NewsAnalyzer\NewsAnalyzer.csproj", "{D5386E8F-076F-40BF-BE85-11CA9EF85B3E}"
EndProject
Project("{FAE04EC0-301F-11D3-BF4B-00C04F79EFBC}") = "Jobs", "src\Service\Jobs\Jobs.csproj", "{B32BE5AE-D472-41E7-8BF1-2D92FFCDDC6A}"
EndProject
Project("{2150E333-8FDC-42A3-9474-1A3956D46DE8}") = "Test", "Test", "{E6ED5328-46B4-4C57-8D00-14246DA3BB99}"
EndProject
Project("{FAE04EC0-301F-11D3-BF4B-00C04F79EFBC}") = "Integration", "test\Integration\Integration.csproj", "{5E0F36BD-515C-4083-93FC-64D474270438}"
EndProject
Project("{FAE04EC0-301F-11D3-BF4B-00C04F79EFBC}") = "Unit", "test\Unit\Unit.csproj", "{5FC67215-463E-4DD8-B6C4-D6DE8A0149BD}"
EndProject
Project("{2150E333-8FDC-42A3-9474-1A3956D46DE8}") = "Doc", "Doc", "{F958B4A7-C55E-4018-83F1-CE5E9851DC67}"
	ProjectSection(SolutionItems) = preProject
		README.md = README.md
		doc\News.md = doc\News.md
		doc\NewsAnalyzer.md = doc\NewsAnalyzer.md
		doc\WebUi.md = doc\WebUi.md
		doc\postgresql.md = doc\postgresql.md
		doc\nginx.md = doc\nginx.md
		doc\sonarqube.md = doc\sonarqube.md
		doc\antai.md = doc\antai.md
		doc\goverment.md = doc\goverment.md
		doc\weather.md = doc\weather.md
		doc\redis.md = doc\redis.md
	EndProjectSection
EndProject
Project("{2150E333-8FDC-42A3-9474-1A3956D46DE8}") = "Ui", "Ui", "{8ABB8C8E-04A6-48BD-815B-0DA9D4DA8E56}"
EndProject
Project("{FAE04EC0-301F-11D3-BF4B-00C04F79EFBC}") = "Public", "src\Ui\Public\Public.csproj", "{D35DF283-4899-40B6-B829-CD7DA9D26774}"
EndProject
Project("{2150E333-8FDC-42A3-9474-1A3956D46DE8}") = "Infra", "Infra", "{485DBA67-D347-4513-8371-F1F22EE827FB}"
EndProject
Project("{FAE04EC0-301F-11D3-BF4B-00C04F79EFBC}") = "Ai", "src\Infra\Ai\Ai.csproj", "{1244A789-8F96-41A2-9C17-2F80BDC3647B}"
EndProject
Project("{FAE04EC0-301F-11D3-BF4B-00C04F79EFBC}") = "Redis", "src\Infra\Redis\Redis.csproj", "{420C44B6-A894-46B5-B2F0-232E709F43C0}"
EndProject
Project("{2150E333-8FDC-42A3-9474-1A3956D46DE8}") = "Util", "Util", "{B459C576-8866-4283-ADAF-F9B14ACA9A56}"
EndProject
Project("{FAE04EC0-301F-11D3-BF4B-00C04F79EFBC}") = "MChatter", "util\MChatter\MChatter.csproj", "{BB4E620B-5E0F-40E5-AE8C-078EB1BBCE15}"
EndProject
Project("{FAE04EC0-301F-11D3-BF4B-00C04F79EFBC}") = "Populator", "util\Populator\Populator.csproj", "{34C47FDC-515F-4E20-980F-05DB624A69DF}"
EndProject
Project("{FAE04EC0-301F-11D3-BF4B-00C04F79EFBC}") = "Antai", "src\Ui\Antai\Antai.csproj", "{ED8BFD38-4449-4544-A75E-A8A73BC2D19B}"
EndProject
Project("{FAE04EC0-301F-11D3-BF4B-00C04F79EFBC}") = "NewsDownloader", "src\Service\NewsDownloader\NewsDownloader.csproj", "{F2F265BD-30CD-4CD5-A234-97A269448868}"
EndProject
Project("{FAE04EC0-301F-11D3-BF4B-00C04F79EFBC}") = "News", "src\Ui\News\News.csproj", "{47FE4290-B8C1-42BE-AC01-3FF32A1C7A4E}"
EndProject
Project("{2150E333-8FDC-42A3-9474-1A3956D46DE8}") = "Scripts", "Scripts", "{24D99744-2316-405C-9CB8-D22D75D183D9}"
	ProjectSection(SolutionItems) = preProject
		publish-AJE.Service.NewsAnalyzer.sh = publish-AJE.Service.NewsAnalyzer.sh
		publish-AJE.Service.NewsDownloader.sh = publish-AJE.Service.NewsDownloader.sh
		publish-AJE.Ui.News.sh = publish-AJE.Ui.News.sh
		publish-AJE.Ui.Public.sh = publish-AJE.Ui.Public.sh
		publish-Llama.sh = publish-Llama.sh
		sonar-build.sh = sonar-build.sh
		get-llama.sh = get-llama.sh
	EndProjectSection
EndProject
Project("{FAE04EC0-301F-11D3-BF4B-00C04F79EFBC}") = "NewsTrends", "src\Service\NewsTrends\NewsTrends.csproj", "{857BE35D-D90C-407F-B08E-30C111F712B8}"
EndProject
Project("{FAE04EC0-301F-11D3-BF4B-00C04F79EFBC}") = "DummyAi", "src\Infra\DummyAi\DummyAi.csproj", "{183EC170-D1CC-4048-A607-A4CE4A980409}"
EndProject
Global
	GlobalSection(SolutionConfigurationPlatforms) = preSolution
		Debug|Any CPU = Debug|Any CPU
		Release|Any CPU = Release|Any CPU
	EndGlobalSection
	GlobalSection(ProjectConfigurationPlatforms) = postSolution
		{1CDEA8E3-55FB-4E00-BD9D-AF4E29F82B61}.Debug|Any CPU.ActiveCfg = Debug|Any CPU
		{1CDEA8E3-55FB-4E00-BD9D-AF4E29F82B61}.Debug|Any CPU.Build.0 = Debug|Any CPU
		{1CDEA8E3-55FB-4E00-BD9D-AF4E29F82B61}.Release|Any CPU.ActiveCfg = Release|Any CPU
		{1CDEA8E3-55FB-4E00-BD9D-AF4E29F82B61}.Release|Any CPU.Build.0 = Release|Any CPU
		{AD228D65-A2E1-4DE9-BFED-800FAD7691FD}.Debug|Any CPU.ActiveCfg = Debug|Any CPU
		{AD228D65-A2E1-4DE9-BFED-800FAD7691FD}.Debug|Any CPU.Build.0 = Debug|Any CPU
		{AD228D65-A2E1-4DE9-BFED-800FAD7691FD}.Release|Any CPU.ActiveCfg = Release|Any CPU
		{AD228D65-A2E1-4DE9-BFED-800FAD7691FD}.Release|Any CPU.Build.0 = Release|Any CPU
		{D5386E8F-076F-40BF-BE85-11CA9EF85B3E}.Debug|Any CPU.ActiveCfg = Debug|Any CPU
		{D5386E8F-076F-40BF-BE85-11CA9EF85B3E}.Debug|Any CPU.Build.0 = Debug|Any CPU
		{D5386E8F-076F-40BF-BE85-11CA9EF85B3E}.Release|Any CPU.ActiveCfg = Release|Any CPU
		{D5386E8F-076F-40BF-BE85-11CA9EF85B3E}.Release|Any CPU.Build.0 = Release|Any CPU
		{B32BE5AE-D472-41E7-8BF1-2D92FFCDDC6A}.Debug|Any CPU.ActiveCfg = Debug|Any CPU
		{B32BE5AE-D472-41E7-8BF1-2D92FFCDDC6A}.Debug|Any CPU.Build.0 = Debug|Any CPU
		{B32BE5AE-D472-41E7-8BF1-2D92FFCDDC6A}.Release|Any CPU.ActiveCfg = Release|Any CPU
		{B32BE5AE-D472-41E7-8BF1-2D92FFCDDC6A}.Release|Any CPU.Build.0 = Release|Any CPU
		{5E0F36BD-515C-4083-93FC-64D474270438}.Debug|Any CPU.ActiveCfg = Debug|Any CPU
		{5E0F36BD-515C-4083-93FC-64D474270438}.Debug|Any CPU.Build.0 = Debug|Any CPU
		{5E0F36BD-515C-4083-93FC-64D474270438}.Release|Any CPU.ActiveCfg = Release|Any CPU
		{5E0F36BD-515C-4083-93FC-64D474270438}.Release|Any CPU.Build.0 = Release|Any CPU
		{5FC67215-463E-4DD8-B6C4-D6DE8A0149BD}.Debug|Any CPU.ActiveCfg = Debug|Any CPU
		{5FC67215-463E-4DD8-B6C4-D6DE8A0149BD}.Debug|Any CPU.Build.0 = Debug|Any CPU
		{5FC67215-463E-4DD8-B6C4-D6DE8A0149BD}.Release|Any CPU.ActiveCfg = Release|Any CPU
		{5FC67215-463E-4DD8-B6C4-D6DE8A0149BD}.Release|Any CPU.Build.0 = Release|Any CPU
		{D35DF283-4899-40B6-B829-CD7DA9D26774}.Debug|Any CPU.ActiveCfg = Debug|Any CPU
		{D35DF283-4899-40B6-B829-CD7DA9D26774}.Debug|Any CPU.Build.0 = Debug|Any CPU
		{D35DF283-4899-40B6-B829-CD7DA9D26774}.Release|Any CPU.ActiveCfg = Release|Any CPU
		{D35DF283-4899-40B6-B829-CD7DA9D26774}.Release|Any CPU.Build.0 = Release|Any CPU
		{1244A789-8F96-41A2-9C17-2F80BDC3647B}.Debug|Any CPU.ActiveCfg = Debug|Any CPU
		{1244A789-8F96-41A2-9C17-2F80BDC3647B}.Debug|Any CPU.Build.0 = Debug|Any CPU
		{1244A789-8F96-41A2-9C17-2F80BDC3647B}.Release|Any CPU.ActiveCfg = Release|Any CPU
		{1244A789-8F96-41A2-9C17-2F80BDC3647B}.Release|Any CPU.Build.0 = Release|Any CPU
		{420C44B6-A894-46B5-B2F0-232E709F43C0}.Debug|Any CPU.ActiveCfg = Debug|Any CPU
		{420C44B6-A894-46B5-B2F0-232E709F43C0}.Debug|Any CPU.Build.0 = Debug|Any CPU
		{420C44B6-A894-46B5-B2F0-232E709F43C0}.Release|Any CPU.ActiveCfg = Release|Any CPU
		{420C44B6-A894-46B5-B2F0-232E709F43C0}.Release|Any CPU.Build.0 = Release|Any CPU
		{BB4E620B-5E0F-40E5-AE8C-078EB1BBCE15}.Debug|Any CPU.ActiveCfg = Debug|Any CPU
		{BB4E620B-5E0F-40E5-AE8C-078EB1BBCE15}.Debug|Any CPU.Build.0 = Debug|Any CPU
		{BB4E620B-5E0F-40E5-AE8C-078EB1BBCE15}.Release|Any CPU.ActiveCfg = Release|Any CPU
		{BB4E620B-5E0F-40E5-AE8C-078EB1BBCE15}.Release|Any CPU.Build.0 = Release|Any CPU
		{34C47FDC-515F-4E20-980F-05DB624A69DF}.Debug|Any CPU.ActiveCfg = Debug|Any CPU
		{34C47FDC-515F-4E20-980F-05DB624A69DF}.Debug|Any CPU.Build.0 = Debug|Any CPU
		{34C47FDC-515F-4E20-980F-05DB624A69DF}.Release|Any CPU.ActiveCfg = Release|Any CPU
		{34C47FDC-515F-4E20-980F-05DB624A69DF}.Release|Any CPU.Build.0 = Release|Any CPU
		{ED8BFD38-4449-4544-A75E-A8A73BC2D19B}.Debug|Any CPU.ActiveCfg = Debug|Any CPU
		{ED8BFD38-4449-4544-A75E-A8A73BC2D19B}.Debug|Any CPU.Build.0 = Debug|Any CPU
		{ED8BFD38-4449-4544-A75E-A8A73BC2D19B}.Release|Any CPU.ActiveCfg = Release|Any CPU
		{ED8BFD38-4449-4544-A75E-A8A73BC2D19B}.Release|Any CPU.Build.0 = Release|Any CPU
		{F2F265BD-30CD-4CD5-A234-97A269448868}.Debug|Any CPU.ActiveCfg = Debug|Any CPU
		{F2F265BD-30CD-4CD5-A234-97A269448868}.Debug|Any CPU.Build.0 = Debug|Any CPU
		{F2F265BD-30CD-4CD5-A234-97A269448868}.Release|Any CPU.ActiveCfg = Release|Any CPU
		{F2F265BD-30CD-4CD5-A234-97A269448868}.Release|Any CPU.Build.0 = Release|Any CPU
		{47FE4290-B8C1-42BE-AC01-3FF32A1C7A4E}.Debug|Any CPU.ActiveCfg = Debug|Any CPU
		{47FE4290-B8C1-42BE-AC01-3FF32A1C7A4E}.Debug|Any CPU.Build.0 = Debug|Any CPU
		{47FE4290-B8C1-42BE-AC01-3FF32A1C7A4E}.Release|Any CPU.ActiveCfg = Release|Any CPU
		{47FE4290-B8C1-42BE-AC01-3FF32A1C7A4E}.Release|Any CPU.Build.0 = Release|Any CPU
		{857BE35D-D90C-407F-B08E-30C111F712B8}.Debug|Any CPU.ActiveCfg = Debug|Any CPU
		{857BE35D-D90C-407F-B08E-30C111F712B8}.Debug|Any CPU.Build.0 = Debug|Any CPU
		{857BE35D-D90C-407F-B08E-30C111F712B8}.Release|Any CPU.ActiveCfg = Release|Any CPU
		{857BE35D-D90C-407F-B08E-30C111F712B8}.Release|Any CPU.Build.0 = Release|Any CPU
		{183EC170-D1CC-4048-A607-A4CE4A980409}.Debug|Any CPU.ActiveCfg = Debug|Any CPU
		{183EC170-D1CC-4048-A607-A4CE4A980409}.Debug|Any CPU.Build.0 = Debug|Any CPU
		{183EC170-D1CC-4048-A607-A4CE4A980409}.Release|Any CPU.ActiveCfg = Release|Any CPU
		{183EC170-D1CC-4048-A607-A4CE4A980409}.Release|Any CPU.Build.0 = Release|Any CPU
	EndGlobalSection
	GlobalSection(SolutionProperties) = preSolution
		HideSolutionNode = FALSE
	EndGlobalSection
	GlobalSection(NestedProjects) = preSolution
		{D5386E8F-076F-40BF-BE85-11CA9EF85B3E} = {1F2CC064-FF62-4052-B834-31EF506C62F8}
		{B32BE5AE-D472-41E7-8BF1-2D92FFCDDC6A} = {1F2CC064-FF62-4052-B834-31EF506C62F8}
		{5E0F36BD-515C-4083-93FC-64D474270438} = {E6ED5328-46B4-4C57-8D00-14246DA3BB99}
		{5FC67215-463E-4DD8-B6C4-D6DE8A0149BD} = {E6ED5328-46B4-4C57-8D00-14246DA3BB99}
		{D35DF283-4899-40B6-B829-CD7DA9D26774} = {8ABB8C8E-04A6-48BD-815B-0DA9D4DA8E56}
		{1244A789-8F96-41A2-9C17-2F80BDC3647B} = {485DBA67-D347-4513-8371-F1F22EE827FB}
		{420C44B6-A894-46B5-B2F0-232E709F43C0} = {485DBA67-D347-4513-8371-F1F22EE827FB}
		{BB4E620B-5E0F-40E5-AE8C-078EB1BBCE15} = {B459C576-8866-4283-ADAF-F9B14ACA9A56}
		{34C47FDC-515F-4E20-980F-05DB624A69DF} = {B459C576-8866-4283-ADAF-F9B14ACA9A56}
		{ED8BFD38-4449-4544-A75E-A8A73BC2D19B} = {8ABB8C8E-04A6-48BD-815B-0DA9D4DA8E56}
		{F2F265BD-30CD-4CD5-A234-97A269448868} = {1F2CC064-FF62-4052-B834-31EF506C62F8}
		{47FE4290-B8C1-42BE-AC01-3FF32A1C7A4E} = {8ABB8C8E-04A6-48BD-815B-0DA9D4DA8E56}
		{857BE35D-D90C-407F-B08E-30C111F712B8} = {1F2CC064-FF62-4052-B834-31EF506C62F8}
		{183EC170-D1CC-4048-A607-A4CE4A980409} = {485DBA67-D347-4513-8371-F1F22EE827FB}
	EndGlobalSection
	GlobalSection(ExtensibilityGlobals) = postSolution
		SolutionGuid = {7135E4BF-2488-4C17-B543-559F024C76FA}
	EndGlobalSection
EndGlobal
