
Microsoft Visual Studio Solution File, Format Version 12.00
# Visual Studio Version 17
VisualStudioVersion = 17.0.31903.59
MinimumVisualStudioVersion = 10.0.40219.1
Project("{9A19103F-16F7-4668-BE54-9A1E7A4F7556}") = "Domain", "src\Domain\Domain.csproj", "{1CDEA8E3-55FB-4E00-BD9D-AF4E29F82B61}"
EndProject
Project("{2150E333-8FDC-42A3-9474-1A3956D46DE8}") = "Tests", "Tests", "{59023F05-0D89-4114-A193-3E7083AFA16A}"
EndProject
Project("{9A19103F-16F7-4668-BE54-9A1E7A4F7556}") = "UnitTests", "tests\UnitTests\UnitTests.csproj", "{5C479F7A-CDEA-4112-B2E7-2E1D94F8C38F}"
EndProject
Project("{9A19103F-16F7-4668-BE54-9A1E7A4F7556}") = "Application", "src\Application\Application.csproj", "{AD228D65-A2E1-4DE9-BFED-800FAD7691FD}"
EndProject
Project("{9A19103F-16F7-4668-BE54-9A1E7A4F7556}") = "BackBone", "src\BackBone\BackBone.csproj", "{2EAB46B5-4A73-44BC-9F79-1CE05757A869}"
EndProject
Project("{9A19103F-16F7-4668-BE54-9A1E7A4F7556}") = "Infra", "src\Infra\Infra.csproj", "{D9790DAE-FC39-44B4-BEA8-F8B9AAB2A90A}"
EndProject
Project("{9A19103F-16F7-4668-BE54-9A1E7A4F7556}") = "Web.Ui", "src\Web.Ui\Web.Ui.csproj", "{140DAC67-A1D2-4E46-AA85-DA177192BF13}"
EndProject
Project("{2150E333-8FDC-42A3-9474-1A3956D46DE8}") = "Doc", "Doc", "{5B59DCCC-A404-4956-A0FD-92C4E7248E3D}"
	ProjectSection(SolutionItems) = preProject
		README.md = README.md
		doc\Tailwind.md = doc\Tailwind.md
		CloudFront_ErrorPage.html = CloudFront_ErrorPage.html
		doc\SentimentPolarity.md = doc\SentimentPolarity.md
	EndProjectSection
EndProject
Project("{2150E333-8FDC-42A3-9474-1A3956D46DE8}") = "Services", "Services", "{1F2CC064-FF62-4052-B834-31EF506C62F8}"
EndProject
Project("{9A19103F-16F7-4668-BE54-9A1E7A4F7556}") = "News", "src\Services\News\News.csproj", "{7CFF1C92-8BAC-4059-B417-CE5C4EB22896}"
EndProject
Project("{9A19103F-16F7-4668-BE54-9A1E7A4F7556}") = "Populator", "tests\Populator\Populator.csproj", "{94E910D5-BEB0-4D40-927C-65535D7C593A}"
EndProject
Project("{FAE04EC0-301F-11D3-BF4B-00C04F79EFBC}") = "IntegrationTests", "tests\IntegrationTests\IntegrationTests.csproj", "{666A8781-ADF0-4917-9F39-9CF28326C76E}"
EndProject
Project("{FAE04EC0-301F-11D3-BF4B-00C04F79EFBC}") = "MChatter", "tests\MChatter\MChatter.csproj", "{1BC468E3-E22B-4710-A165-0F878132804E}"
EndProject
Project("{FAE04EC0-301F-11D3-BF4B-00C04F79EFBC}") = "NewsAnalyzer", "src\Services\NewsAnalyzer\NewsAnalyzer.csproj", "{D5386E8F-076F-40BF-BE85-11CA9EF85B3E}"
EndProject
Global
	GlobalSection(SolutionConfigurationPlatforms) = preSolution
		Debug|Any CPU = Debug|Any CPU
		Release|Any CPU = Release|Any CPU
	EndGlobalSection
	GlobalSection(ProjectConfigurationPlatforms) = postSolution
		{1CDEA8E3-55FB-4E00-BD9D-AF4E29F82B61}.Debug|Any CPU.ActiveCfg = Debug|Any CPU
		{1CDEA8E3-55FB-4E00-BD9D-AF4E29F82B61}.Debug|Any CPU.Build.0 = Debug|Any CPU
		{1CDEA8E3-55FB-4E00-BD9D-AF4E29F82B61}.Release|Any CPU.ActiveCfg = Release|Any CPU
		{1CDEA8E3-55FB-4E00-BD9D-AF4E29F82B61}.Release|Any CPU.Build.0 = Release|Any CPU
		{5C479F7A-CDEA-4112-B2E7-2E1D94F8C38F}.Debug|Any CPU.ActiveCfg = Debug|Any CPU
		{5C479F7A-CDEA-4112-B2E7-2E1D94F8C38F}.Debug|Any CPU.Build.0 = Debug|Any CPU
		{5C479F7A-CDEA-4112-B2E7-2E1D94F8C38F}.Release|Any CPU.ActiveCfg = Release|Any CPU
		{5C479F7A-CDEA-4112-B2E7-2E1D94F8C38F}.Release|Any CPU.Build.0 = Release|Any CPU
		{AD228D65-A2E1-4DE9-BFED-800FAD7691FD}.Debug|Any CPU.ActiveCfg = Debug|Any CPU
		{AD228D65-A2E1-4DE9-BFED-800FAD7691FD}.Debug|Any CPU.Build.0 = Debug|Any CPU
		{AD228D65-A2E1-4DE9-BFED-800FAD7691FD}.Release|Any CPU.ActiveCfg = Release|Any CPU
		{AD228D65-A2E1-4DE9-BFED-800FAD7691FD}.Release|Any CPU.Build.0 = Release|Any CPU
		{2EAB46B5-4A73-44BC-9F79-1CE05757A869}.Debug|Any CPU.ActiveCfg = Debug|Any CPU
		{2EAB46B5-4A73-44BC-9F79-1CE05757A869}.Debug|Any CPU.Build.0 = Debug|Any CPU
		{2EAB46B5-4A73-44BC-9F79-1CE05757A869}.Release|Any CPU.ActiveCfg = Release|Any CPU
		{2EAB46B5-4A73-44BC-9F79-1CE05757A869}.Release|Any CPU.Build.0 = Release|Any CPU
		{D9790DAE-FC39-44B4-BEA8-F8B9AAB2A90A}.Debug|Any CPU.ActiveCfg = Debug|Any CPU
		{D9790DAE-FC39-44B4-BEA8-F8B9AAB2A90A}.Debug|Any CPU.Build.0 = Debug|Any CPU
		{D9790DAE-FC39-44B4-BEA8-F8B9AAB2A90A}.Release|Any CPU.ActiveCfg = Release|Any CPU
		{D9790DAE-FC39-44B4-BEA8-F8B9AAB2A90A}.Release|Any CPU.Build.0 = Release|Any CPU
		{140DAC67-A1D2-4E46-AA85-DA177192BF13}.Debug|Any CPU.ActiveCfg = Debug|Any CPU
		{140DAC67-A1D2-4E46-AA85-DA177192BF13}.Debug|Any CPU.Build.0 = Debug|Any CPU
		{140DAC67-A1D2-4E46-AA85-DA177192BF13}.Release|Any CPU.ActiveCfg = Release|Any CPU
		{140DAC67-A1D2-4E46-AA85-DA177192BF13}.Release|Any CPU.Build.0 = Release|Any CPU
		{7CFF1C92-8BAC-4059-B417-CE5C4EB22896}.Debug|Any CPU.ActiveCfg = Debug|Any CPU
		{7CFF1C92-8BAC-4059-B417-CE5C4EB22896}.Debug|Any CPU.Build.0 = Debug|Any CPU
		{7CFF1C92-8BAC-4059-B417-CE5C4EB22896}.Release|Any CPU.ActiveCfg = Release|Any CPU
		{7CFF1C92-8BAC-4059-B417-CE5C4EB22896}.Release|Any CPU.Build.0 = Release|Any CPU
		{94E910D5-BEB0-4D40-927C-65535D7C593A}.Debug|Any CPU.ActiveCfg = Debug|Any CPU
		{94E910D5-BEB0-4D40-927C-65535D7C593A}.Debug|Any CPU.Build.0 = Debug|Any CPU
		{94E910D5-BEB0-4D40-927C-65535D7C593A}.Release|Any CPU.ActiveCfg = Release|Any CPU
		{94E910D5-BEB0-4D40-927C-65535D7C593A}.Release|Any CPU.Build.0 = Release|Any CPU
		{666A8781-ADF0-4917-9F39-9CF28326C76E}.Debug|Any CPU.ActiveCfg = Debug|Any CPU
		{666A8781-ADF0-4917-9F39-9CF28326C76E}.Debug|Any CPU.Build.0 = Debug|Any CPU
		{666A8781-ADF0-4917-9F39-9CF28326C76E}.Release|Any CPU.ActiveCfg = Release|Any CPU
		{666A8781-ADF0-4917-9F39-9CF28326C76E}.Release|Any CPU.Build.0 = Release|Any CPU
		{1BC468E3-E22B-4710-A165-0F878132804E}.Debug|Any CPU.ActiveCfg = Debug|Any CPU
		{1BC468E3-E22B-4710-A165-0F878132804E}.Debug|Any CPU.Build.0 = Debug|Any CPU
		{1BC468E3-E22B-4710-A165-0F878132804E}.Release|Any CPU.ActiveCfg = Release|Any CPU
		{1BC468E3-E22B-4710-A165-0F878132804E}.Release|Any CPU.Build.0 = Release|Any CPU
		{D5386E8F-076F-40BF-BE85-11CA9EF85B3E}.Debug|Any CPU.ActiveCfg = Debug|Any CPU
		{D5386E8F-076F-40BF-BE85-11CA9EF85B3E}.Debug|Any CPU.Build.0 = Debug|Any CPU
		{D5386E8F-076F-40BF-BE85-11CA9EF85B3E}.Release|Any CPU.ActiveCfg = Release|Any CPU
		{D5386E8F-076F-40BF-BE85-11CA9EF85B3E}.Release|Any CPU.Build.0 = Release|Any CPU
	EndGlobalSection
	GlobalSection(SolutionProperties) = preSolution
		HideSolutionNode = FALSE
	EndGlobalSection
	GlobalSection(NestedProjects) = preSolution
		{5C479F7A-CDEA-4112-B2E7-2E1D94F8C38F} = {59023F05-0D89-4114-A193-3E7083AFA16A}
		{7CFF1C92-8BAC-4059-B417-CE5C4EB22896} = {1F2CC064-FF62-4052-B834-31EF506C62F8}
		{94E910D5-BEB0-4D40-927C-65535D7C593A} = {59023F05-0D89-4114-A193-3E7083AFA16A}
		{666A8781-ADF0-4917-9F39-9CF28326C76E} = {59023F05-0D89-4114-A193-3E7083AFA16A}
		{1BC468E3-E22B-4710-A165-0F878132804E} = {59023F05-0D89-4114-A193-3E7083AFA16A}
		{D5386E8F-076F-40BF-BE85-11CA9EF85B3E} = {1F2CC064-FF62-4052-B834-31EF506C62F8}
	EndGlobalSection
	GlobalSection(ExtensibilityGlobals) = postSolution
		SolutionGuid = {7135E4BF-2488-4C17-B543-559F024C76FA}
	EndGlobalSection
EndGlobal
