
Microsoft Visual Studio Solution File, Format Version 12.00
# Visual Studio Version 17
VisualStudioVersion = 17.0.31903.59
MinimumVisualStudioVersion = 10.0.40219.1
Project("{9A19103F-16F7-4668-BE54-9A1E7A4F7556}") = "Domain", "src\Domain\Domain.csproj", "{1CDEA8E3-55FB-4E00-BD9D-AF4E29F82B61}"
EndProject
Project("{9A19103F-16F7-4668-BE54-9A1E7A4F7556}") = "Application", "src\Application\Application.csproj", "{AD228D65-A2E1-4DE9-BFED-800FAD7691FD}"
EndProject
Project("{9A19103F-16F7-4668-BE54-9A1E7A4F7556}") = "Infra", "src\Infra\Infra.csproj", "{D9790DAE-FC39-44B4-BEA8-F8B9AAB2A90A}"
EndProject
Project("{2150E333-8FDC-42A3-9474-1A3956D46DE8}") = "Service", "Service", "{1F2CC064-FF62-4052-B834-31EF506C62F8}"
EndProject
Project("{9A19103F-16F7-4668-BE54-9A1E7A4F7556}") = "News", "src\Service\News\News.csproj", "{7CFF1C92-8BAC-4059-B417-CE5C4EB22896}"
EndProject
Project("{FAE04EC0-301F-11D3-BF4B-00C04F79EFBC}") = "NewsAnalyzer", "src\Service\NewsAnalyzer\NewsAnalyzer.csproj", "{D5386E8F-076F-40BF-BE85-11CA9EF85B3E}"
EndProject
Project("{FAE04EC0-301F-11D3-BF4B-00C04F79EFBC}") = "Jobs", "src\Service\Jobs\Jobs.csproj", "{B32BE5AE-D472-41E7-8BF1-2D92FFCDDC6A}"
EndProject
Project("{2150E333-8FDC-42A3-9474-1A3956D46DE8}") = "Test", "Test", "{E6ED5328-46B4-4C57-8D00-14246DA3BB99}"
EndProject
Project("{FAE04EC0-301F-11D3-BF4B-00C04F79EFBC}") = "Integration", "test\Integration\Integration.csproj", "{5E0F36BD-515C-4083-93FC-64D474270438}"
EndProject
Project("{FAE04EC0-301F-11D3-BF4B-00C04F79EFBC}") = "Unit", "test\Unit\Unit.csproj", "{5FC67215-463E-4DD8-B6C4-D6DE8A0149BD}"
EndProject
Project("{2150E333-8FDC-42A3-9474-1A3956D46DE8}") = "Doc", "Doc", "{F958B4A7-C55E-4018-83F1-CE5E9851DC67}"
	ProjectSection(SolutionItems) = preProject
		README.md = README.md
		doc\News.md = doc\News.md
		doc\NewsAnalyzer.md = doc\NewsAnalyzer.md
		doc\WebUi.md = doc\WebUi.md
		doc\AiAntti.md = doc\AiAntti.md
	EndProjectSection
EndProject
Project("{2150E333-8FDC-42A3-9474-1A3956D46DE8}") = "Ui", "Ui", "{8ABB8C8E-04A6-48BD-815B-0DA9D4DA8E56}"
EndProject
Project("{FAE04EC0-301F-11D3-BF4B-00C04F79EFBC}") = "Public", "src\Ui\Public\Public.csproj", "{D35DF283-4899-40B6-B829-CD7DA9D26774}"
EndProject
Global
	GlobalSection(SolutionConfigurationPlatforms) = preSolution
		Debug|Any CPU = Debug|Any CPU
		Release|Any CPU = Release|Any CPU
	EndGlobalSection
	GlobalSection(ProjectConfigurationPlatforms) = postSolution
		{1CDEA8E3-55FB-4E00-BD9D-AF4E29F82B61}.Debug|Any CPU.ActiveCfg = Debug|Any CPU
		{1CDEA8E3-55FB-4E00-BD9D-AF4E29F82B61}.Debug|Any CPU.Build.0 = Debug|Any CPU
		{1CDEA8E3-55FB-4E00-BD9D-AF4E29F82B61}.Release|Any CPU.ActiveCfg = Release|Any CPU
		{1CDEA8E3-55FB-4E00-BD9D-AF4E29F82B61}.Release|Any CPU.Build.0 = Release|Any CPU
		{AD228D65-A2E1-4DE9-BFED-800FAD7691FD}.Debug|Any CPU.ActiveCfg = Debug|Any CPU
		{AD228D65-A2E1-4DE9-BFED-800FAD7691FD}.Debug|Any CPU.Build.0 = Debug|Any CPU
		{AD228D65-A2E1-4DE9-BFED-800FAD7691FD}.Release|Any CPU.ActiveCfg = Release|Any CPU
		{AD228D65-A2E1-4DE9-BFED-800FAD7691FD}.Release|Any CPU.Build.0 = Release|Any CPU
		{D9790DAE-FC39-44B4-BEA8-F8B9AAB2A90A}.Debug|Any CPU.ActiveCfg = Debug|Any CPU
		{D9790DAE-FC39-44B4-BEA8-F8B9AAB2A90A}.Debug|Any CPU.Build.0 = Debug|Any CPU
		{D9790DAE-FC39-44B4-BEA8-F8B9AAB2A90A}.Release|Any CPU.ActiveCfg = Release|Any CPU
		{D9790DAE-FC39-44B4-BEA8-F8B9AAB2A90A}.Release|Any CPU.Build.0 = Release|Any CPU
		{7CFF1C92-8BAC-4059-B417-CE5C4EB22896}.Debug|Any CPU.ActiveCfg = Debug|Any CPU
		{7CFF1C92-8BAC-4059-B417-CE5C4EB22896}.Debug|Any CPU.Build.0 = Debug|Any CPU
		{7CFF1C92-8BAC-4059-B417-CE5C4EB22896}.Release|Any CPU.ActiveCfg = Release|Any CPU
		{7CFF1C92-8BAC-4059-B417-CE5C4EB22896}.Release|Any CPU.Build.0 = Release|Any CPU
		{D5386E8F-076F-40BF-BE85-11CA9EF85B3E}.Debug|Any CPU.ActiveCfg = Debug|Any CPU
		{D5386E8F-076F-40BF-BE85-11CA9EF85B3E}.Debug|Any CPU.Build.0 = Debug|Any CPU
		{D5386E8F-076F-40BF-BE85-11CA9EF85B3E}.Release|Any CPU.ActiveCfg = Release|Any CPU
		{D5386E8F-076F-40BF-BE85-11CA9EF85B3E}.Release|Any CPU.Build.0 = Release|Any CPU
		{B32BE5AE-D472-41E7-8BF1-2D92FFCDDC6A}.Debug|Any CPU.ActiveCfg = Debug|Any CPU
		{B32BE5AE-D472-41E7-8BF1-2D92FFCDDC6A}.Debug|Any CPU.Build.0 = Debug|Any CPU
		{B32BE5AE-D472-41E7-8BF1-2D92FFCDDC6A}.Release|Any CPU.ActiveCfg = Release|Any CPU
		{B32BE5AE-D472-41E7-8BF1-2D92FFCDDC6A}.Release|Any CPU.Build.0 = Release|Any CPU
		{5E0F36BD-515C-4083-93FC-64D474270438}.Debug|Any CPU.ActiveCfg = Debug|Any CPU
		{5E0F36BD-515C-4083-93FC-64D474270438}.Debug|Any CPU.Build.0 = Debug|Any CPU
		{5E0F36BD-515C-4083-93FC-64D474270438}.Release|Any CPU.ActiveCfg = Release|Any CPU
		{5E0F36BD-515C-4083-93FC-64D474270438}.Release|Any CPU.Build.0 = Release|Any CPU
		{5FC67215-463E-4DD8-B6C4-D6DE8A0149BD}.Debug|Any CPU.ActiveCfg = Debug|Any CPU
		{5FC67215-463E-4DD8-B6C4-D6DE8A0149BD}.Debug|Any CPU.Build.0 = Debug|Any CPU
		{5FC67215-463E-4DD8-B6C4-D6DE8A0149BD}.Release|Any CPU.ActiveCfg = Release|Any CPU
		{5FC67215-463E-4DD8-B6C4-D6DE8A0149BD}.Release|Any CPU.Build.0 = Release|Any CPU
		{D35DF283-4899-40B6-B829-CD7DA9D26774}.Debug|Any CPU.ActiveCfg = Debug|Any CPU
		{D35DF283-4899-40B6-B829-CD7DA9D26774}.Debug|Any CPU.Build.0 = Debug|Any CPU
		{D35DF283-4899-40B6-B829-CD7DA9D26774}.Release|Any CPU.ActiveCfg = Release|Any CPU
		{D35DF283-4899-40B6-B829-CD7DA9D26774}.Release|Any CPU.Build.0 = Release|Any CPU
	EndGlobalSection
	GlobalSection(SolutionProperties) = preSolution
		HideSolutionNode = FALSE
	EndGlobalSection
	GlobalSection(NestedProjects) = preSolution
		{7CFF1C92-8BAC-4059-B417-CE5C4EB22896} = {1F2CC064-FF62-4052-B834-31EF506C62F8}
		{D5386E8F-076F-40BF-BE85-11CA9EF85B3E} = {1F2CC064-FF62-4052-B834-31EF506C62F8}
		{B32BE5AE-D472-41E7-8BF1-2D92FFCDDC6A} = {1F2CC064-FF62-4052-B834-31EF506C62F8}
		{5E0F36BD-515C-4083-93FC-64D474270438} = {E6ED5328-46B4-4C57-8D00-14246DA3BB99}
		{5FC67215-463E-4DD8-B6C4-D6DE8A0149BD} = {E6ED5328-46B4-4C57-8D00-14246DA3BB99}
		{D35DF283-4899-40B6-B829-CD7DA9D26774} = {8ABB8C8E-04A6-48BD-815B-0DA9D4DA8E56}
	EndGlobalSection
	GlobalSection(ExtensibilityGlobals) = postSolution
		SolutionGuid = {7135E4BF-2488-4C17-B543-559F024C76FA}
	EndGlobalSection
EndGlobal
